
Microsoft Visual Studio Solution File, Format Version 12.00
# Visual Studio 15
VisualStudioVersion = 15.0.28307.329
MinimumVisualStudioVersion = 10.0.40219.1
Project("{FAE04EC0-301F-11D3-BF4B-00C04F79EFBC}") = "Task 1", "Task 1.csproj", "{DA1B1E0D-AF3F-402F-B05E-808825808135}"
EndProject
Project("{FAE04EC0-301F-11D3-BF4B-00C04F79EFBC}") = "test", "C:\Users\Eagle\source\repos\test\test.csproj", "{A4C332FE-0D0E-4757-9F87-40AFF421BD3B}"
EndProject
Global
	GlobalSection(SolutionConfigurationPlatforms) = preSolution
		Debug|Any CPU = Debug|Any CPU
		Release|Any CPU = Release|Any CPU
	EndGlobalSection
	GlobalSection(ProjectConfigurationPlatforms) = postSolution
		{DA1B1E0D-AF3F-402F-B05E-808825808135}.Debug|Any CPU.ActiveCfg = Debug|Any CPU
		{DA1B1E0D-AF3F-402F-B05E-808825808135}.Debug|Any CPU.Build.0 = Debug|Any CPU
		{DA1B1E0D-AF3F-402F-B05E-808825808135}.Release|Any CPU.ActiveCfg = Release|Any CPU
		{DA1B1E0D-AF3F-402F-B05E-808825808135}.Release|Any CPU.Build.0 = Release|Any CPU
		{A4C332FE-0D0E-4757-9F87-40AFF421BD3B}.Debug|Any CPU.ActiveCfg = Debug|Any CPU
		{A4C332FE-0D0E-4757-9F87-40AFF421BD3B}.Debug|Any CPU.Build.0 = Debug|Any CPU
		{A4C332FE-0D0E-4757-9F87-40AFF421BD3B}.Release|Any CPU.ActiveCfg = Release|Any CPU
		{A4C332FE-0D0E-4757-9F87-40AFF421BD3B}.Release|Any CPU.Build.0 = Release|Any CPU
	EndGlobalSection
	GlobalSection(SolutionProperties) = preSolution
		HideSolutionNode = FALSE
	EndGlobalSection
	GlobalSection(ExtensibilityGlobals) = postSolution
		SolutionGuid = {60E14493-0CF0-49D3-94C8-6CAC5DCD2939}
	EndGlobalSection
EndGlobal
